
Microsoft Visual Studio Solution File, Format Version 12.00
# Visual Studio Version 16
VisualStudioVersion = 25.0.1706.12
MinimumVisualStudioVersion = 10.0.40219.1
Project("{FAE04EC0-301F-11D3-BF4B-00C04F79EFBC}") = "Ynab.Api.Client", "Ynab.Api.Client.csproj", "{9633C925-599A-406F-879A-C2550A35A4BA}"
EndProject
Global
	GlobalSection(SolutionConfigurationPlatforms) = preSolution
		Debug|Any CPU = Debug|Any CPU
		Release|Any CPU = Release|Any CPU
	EndGlobalSection
	GlobalSection(ProjectConfigurationPlatforms) = postSolution
		{9633C925-599A-406F-879A-C2550A35A4BA}.Debug|Any CPU.ActiveCfg = Debug|Any CPU
		{9633C925-599A-406F-879A-C2550A35A4BA}.Debug|Any CPU.Build.0 = Debug|Any CPU
		{9633C925-599A-406F-879A-C2550A35A4BA}.Release|Any CPU.ActiveCfg = Release|Any CPU
		{9633C925-599A-406F-879A-C2550A35A4BA}.Release|Any CPU.Build.0 = Release|Any CPU
	EndGlobalSection
	GlobalSection(SolutionProperties) = preSolution
		HideSolutionNode = FALSE
	EndGlobalSection
	GlobalSection(ExtensibilityGlobals) = postSolution
		SolutionGuid = {604A37BE-E0F4-4CDF-9328-1FDC155385DC}
	EndGlobalSection
EndGlobal
